
Microsoft Visual Studio Solution File, Format Version 12.00
# Visual Studio 15
VisualStudioVersion = 15.0.28010.2003
MinimumVisualStudioVersion = 10.0.40219.1
Project("{FAE04EC0-301F-11D3-BF4B-00C04F79EFBC}") = "api-aspnet-core", "api-aspnet-core\api-aspnet-core.csproj", "{46A12D0E-9411-4235-A243-EA32C3B47D27}"
EndProject
Global
	GlobalSection(SolutionConfigurationPlatforms) = preSolution
		Debug|Any CPU = Debug|Any CPU
		Release|Any CPU = Release|Any CPU
	EndGlobalSection
	GlobalSection(ProjectConfigurationPlatforms) = postSolution
		{46A12D0E-9411-4235-A243-EA32C3B47D27}.Debug|Any CPU.ActiveCfg = Debug|Any CPU
		{46A12D0E-9411-4235-A243-EA32C3B47D27}.Debug|Any CPU.Build.0 = Debug|Any CPU
		{46A12D0E-9411-4235-A243-EA32C3B47D27}.Release|Any CPU.ActiveCfg = Release|Any CPU
		{46A12D0E-9411-4235-A243-EA32C3B47D27}.Release|Any CPU.Build.0 = Release|Any CPU
	EndGlobalSection
	GlobalSection(SolutionProperties) = preSolution
		HideSolutionNode = FALSE
	EndGlobalSection
	GlobalSection(ExtensibilityGlobals) = postSolution
		SolutionGuid = {553E51CA-F6DB-4846-ABC2-E2EA33ED58CC}
	EndGlobalSection
EndGlobal
